
Microsoft Visual Studio Solution File, Format Version 12.00
# Visual Studio Version 17
VisualStudioVersion = 17.3.32922.545
MinimumVisualStudioVersion = 10.0.40219.1
Project("{FAE04EC0-301F-11D3-BF4B-00C04F79EFBC}") = "Exercise1", "Exercise1\Exercise1.csproj", "{1D9EBA9B-D402-4DDB-80A7-C68EABACEDAE}"
EndProject
Global
	GlobalSection(SolutionConfigurationPlatforms) = preSolution
		Debug|Any CPU = Debug|Any CPU
		Release|Any CPU = Release|Any CPU
	EndGlobalSection
	GlobalSection(ProjectConfigurationPlatforms) = postSolution
		{1D9EBA9B-D402-4DDB-80A7-C68EABACEDAE}.Debug|Any CPU.ActiveCfg = Debug|Any CPU
		{1D9EBA9B-D402-4DDB-80A7-C68EABACEDAE}.Debug|Any CPU.Build.0 = Debug|Any CPU
		{1D9EBA9B-D402-4DDB-80A7-C68EABACEDAE}.Release|Any CPU.ActiveCfg = Release|Any CPU
		{1D9EBA9B-D402-4DDB-80A7-C68EABACEDAE}.Release|Any CPU.Build.0 = Release|Any CPU
	EndGlobalSection
	GlobalSection(SolutionProperties) = preSolution
		HideSolutionNode = FALSE
	EndGlobalSection
	GlobalSection(ExtensibilityGlobals) = postSolution
		SolutionGuid = {C0B10C58-8422-4168-B8B4-94D3E24F8EE8}
	EndGlobalSection
EndGlobal
